{
  "name": "mysql",
  "version": "1.0.0",
  "lockfileVersion": 3,
  "requires": true,
  "packages": {
    "": {
      "name": "mysql",
      "version": "1.0.0",
      "license": "ISC",
      "dependencies": {
        "@lando/mysql": "^1.6.0"
      }
    },
    "node_modules/@lando/mysql": {
      "version": "1.6.0",
      "resolved": "https://registry.npmjs.org/@lando/mysql/-/mysql-1.6.0.tgz",
      "integrity": "sha512-5HXK9JgBFnoPQCHNn7BuMmBCtyhB0Da6ZQ02KnuFfcZ3koaZ/IKyp2KIf+2vzRzvfZxK+/er7RdMk+2dnBzUCQ==",
      "bundleDependencies": [
        "lodash"
      ],
      "license": "MIT",
      "dependencies": {
        "lodash": "^4.17.21"
      },
      "engines": {
        "node": ">=20.0.0"
      }
    },
    "node_modules/@lando/mysql/node_modules/lodash": {
      "version": "4.17.21",
      "inBundle": true,
      "license": "MIT"
    }
  }
}
