{
  "name": "4.x",
  "version": "1.0.0",
  "lockfileVersion": 3,
  "requires": true,
  "packages": {
    "": {
      "name": "4.x",
      "version": "1.0.0",
      "license": "ISC",
      "dependencies": {
        "@lando/mariadb": "^1.0.0"
      }
    },
    "node_modules/@lando/mariadb": {
      "version": "1.0.0",
      "resolved": "https://registry.npmjs.org/@lando/mariadb/-/mariadb-1.0.0.tgz",
      "integrity": "sha512-EWpcRJaSzzkaOdhyItYriG3VmCTB7FI9VwE2p7B9fDQsnj/nyWrah+E1Y7EaoBghmwq0na1YYbDEaw1gyyNDfw==",
      "bundleDependencies": [
        "lodash"
      ],
      "dependencies": {
        "lodash": "^4.17.21"
      },
      "engines": {
        "node": ">=18.0.0"
      }
    },
    "node_modules/@lando/mariadb/node_modules/lodash": {
      "version": "4.17.21",
      "inBundle": true,
      "license": "MIT"
    }
  }
}
