{
  "name": "4.x",
  "version": "1.0.0",
  "lockfileVersion": 3,
  "requires": true,
  "packages": {
    "": {
      "name": "4.x",
      "version": "1.0.0",
      "license": "ISC",
      "dependencies": {
        "@lando/mariadb": "^1.8.0"
      }
    },
    "node_modules/@lando/mariadb": {
      "version": "1.8.0",
      "resolved": "https://registry.npmjs.org/@lando/mariadb/-/mariadb-1.8.0.tgz",
      "integrity": "sha512-+sSO7wR2OBF80sjN+tfuS7EHnoy0LNMmP/rLYAZcREHcTuGec5LP3eUQZCo91Qh6Vi31BVVKIOherYlR0zLg3Q==",
      "bundleDependencies": [
        "lodash"
      ],
      "license": "MIT",
      "dependencies": {
        "lodash": "^4.17.21"
      },
      "engines": {
        "node": ">=20.0.0"
      }
    },
    "node_modules/@lando/mariadb/node_modules/lodash": {
      "version": "4.17.21",
      "inBundle": true,
      "license": "MIT"
    }
  }
}
